#MicroXplorer Configuration settings - do not modify
ADC1.Channel-0\#ChannelRegularConversion=ADC_CHANNEL_2
ADC1.IPParameters=Rank-0\#ChannelRegularConversion,Channel-0\#ChannelRegularConversion,SamplingTime-0\#ChannelRegularConversion,NbrOfConversionFlag,master
ADC1.NbrOfConversionFlag=1
ADC1.Rank-0\#ChannelRegularConversion=1
ADC1.SamplingTime-0\#ChannelRegularConversion=ADC_SAMPLETIME_3CYCLES
ADC1.master=1
CAD.formats=
CAD.pinconfig=
CAD.provider=
CAN2.CalculateBaudRate=333333
CAN2.CalculateTimeBit=3000
CAN2.CalculateTimeQuantum=1000.0
CAN2.IPParameters=CalculateTimeQuantum,CalculateTimeBit,CalculateBaudRate
File.Version=6
KeepUserPlacement=false
Mcu.CPN=STM32F407VGT6
Mcu.Family=STM32F4
Mcu.IP0=ADC1
Mcu.IP1=CAN2
Mcu.IP2=I2C1
Mcu.IP3=NVIC
Mcu.IP4=RCC
Mcu.IP5=SYS
Mcu.IPNb=6
Mcu.Name=STM32F407V(E-G)Tx
Mcu.Package=LQFP100
Mcu.Pin0=PE2
Mcu.Pin1=PE3
Mcu.Pin10=PD14
Mcu.Pin11=PA13
Mcu.Pin12=PA14
Mcu.Pin13=PA15
Mcu.Pin14=PB3
Mcu.Pin15=PB6
Mcu.Pin16=PB7
Mcu.Pin17=VP_SYS_VS_tim1
Mcu.Pin2=PE4
Mcu.Pin3=PA0-WKUP
Mcu.Pin4=PA1
Mcu.Pin5=PA2
Mcu.Pin6=PB12
Mcu.Pin7=PB13
Mcu.Pin8=PD12
Mcu.Pin9=PD13
Mcu.PinsNb=18
Mcu.ThirdPartyNb=0
Mcu.UserConstants=
Mcu.UserName=STM32F407VGTx
MxCube.Version=6.12.0
MxDb.Version=DB.6.0.120
NVIC.BusFault_IRQn=true\:0\:0\:false\:false\:true\:true\:false\:false
NVIC.DebugMonitor_IRQn=true\:0\:0\:false\:false\:true\:true\:false\:false
NVIC.ForceEnableDMAVector=true
NVIC.HardFault_IRQn=true\:0\:0\:false\:false\:true\:true\:false\:false
NVIC.MemoryManagement_IRQn=true\:0\:0\:false\:false\:true\:true\:false\:false
NVIC.NonMaskableInt_IRQn=true\:0\:0\:false\:false\:true\:true\:false\:false
NVIC.PendSV_IRQn=true\:0\:0\:false\:false\:true\:true\:false\:false
NVIC.PriorityGroup=NVIC_PRIORITYGROUP_0
NVIC.SVCall_IRQn=true\:0\:0\:false\:false\:true\:true\:false\:false
NVIC.SysTick_IRQn=true\:0\:0\:false\:false\:true\:true\:true\:false
NVIC.TIM1_UP_TIM10_IRQn=true\:0\:0\:false\:false\:true\:false\:true\:true
NVIC.TimeBase=TIM1_UP_TIM10_IRQn
NVIC.TimeBaseIP=TIM1
NVIC.UsageFault_IRQn=true\:0\:0\:false\:false\:true\:true\:false\:false
PA0-WKUP.Locked=true
PA0-WKUP.Signal=GPIO_Input
PA1.Locked=true
PA1.Signal=GPIO_Input
PA13.Locked=true
PA13.Mode=Trace_Synchro_2bits_JTAG
PA13.Signal=SYS_JTMS-SWDIO
PA14.Locked=true
PA14.Mode=Trace_Synchro_2bits_JTAG
PA14.Signal=SYS_JTCK-SWCLK
PA15.Mode=Trace_Synchro_2bits_JTAG
PA15.Signal=SYS_JTDI
PA2.Locked=true
PA2.Signal=ADCx_IN2
PB12.Locked=true
PB12.Mode=CAN_Activate
PB12.Signal=CAN2_RX
PB13.Mode=CAN_Activate
PB13.Signal=CAN2_TX
PB3.Mode=Trace_Synchro_2bits_JTAG
PB3.Signal=SYS_JTDO-SWO
PB6.Locked=true
PB6.Mode=I2C
PB6.Signal=I2C1_SCL
PB7.Locked=true
PB7.Mode=I2C
PB7.Signal=I2C1_SDA
PD12.Locked=true
PD12.Signal=GPIO_Output
PD13.Locked=true
PD13.Signal=GPIO_Output
PD14.Locked=true
PD14.Signal=GPIO_Output
PE2.Mode=Trace_Synchro_2bits_JTAG
PE2.Signal=SYS_TRACECLK
PE3.Mode=Trace_Synchro_2bits_JTAG
PE3.Signal=SYS_TRACED0
PE4.Mode=Trace_Synchro_2bits_JTAG
PE4.Signal=SYS_TRACED1
PinOutPanel.RotationAngle=0
ProjectManager.AskForMigrate=true
ProjectManager.BackupPrevious=false
ProjectManager.CompilerOptimize=6
ProjectManager.ComputerToolchain=false
ProjectManager.CoupleFile=false
ProjectManager.CustomerFirmwarePackage=
ProjectManager.DefaultFWLocation=true
ProjectManager.DeletePrevious=true
ProjectManager.DeviceId=STM32F407VGTx
ProjectManager.FirmwarePackage=STM32Cube FW_F4 V1.28.1
ProjectManager.FreePins=false
ProjectManager.HalAssertFull=false
ProjectManager.HeapSize=0x200
ProjectManager.KeepUserCode=true
ProjectManager.LastFirmware=true
ProjectManager.LibraryCopy=1
ProjectManager.MainLocation=Core/Src
ProjectManager.NoMain=false
ProjectManager.PreviousToolchain=
ProjectManager.ProjectBuild=false
ProjectManager.ProjectFileName=stm_can.ioc
ProjectManager.ProjectName=stm_can
ProjectManager.ProjectStructure=
ProjectManager.RegisterCallBack=
ProjectManager.StackSize=0x400
ProjectManager.TargetToolchain=STM32CubeIDE
ProjectManager.ToolChainLocation=
ProjectManager.UAScriptAfterPath=
ProjectManager.UAScriptBeforePath=
ProjectManager.UnderRoot=true
ProjectManager.functionlistsort=1-SystemClock_Config-RCC-false-HAL-false,2-MX_GPIO_Init-GPIO-false-HAL-true,3-MX_ADC1_Init-ADC1-false-HAL-true,4-MX_CAN2_Init-CAN2-false-HAL-true
RCC.48MHZClocksFreq_Value=96000000
RCC.AHBFreq_Value=16000000
RCC.APB1Freq_Value=16000000
RCC.APB1TimFreq_Value=16000000
RCC.APB2Freq_Value=16000000
RCC.APB2TimFreq_Value=16000000
RCC.CortexFreq_Value=16000000
RCC.EthernetFreq_Value=16000000
RCC.FCLKCortexFreq_Value=16000000
RCC.FamilyName=M
RCC.HCLKFreq_Value=16000000
RCC.HSE_VALUE=8000000
RCC.HSI_VALUE=16000000
RCC.I2SClocksFreq_Value=192000000
RCC.IPParameters=48MHZClocksFreq_Value,AHBFreq_Value,APB1Freq_Value,APB1TimFreq_Value,APB2Freq_Value,APB2TimFreq_Value,CortexFreq_Value,EthernetFreq_Value,FCLKCortexFreq_Value,FamilyName,HCLKFreq_Value,HSE_VALUE,HSI_VALUE,I2SClocksFreq_Value,LSI_VALUE,MCO2PinFreq_Value,PLLCLKFreq_Value,PLLM,PLLN,PLLQ,PLLQCLKFreq_Value,RTCFreq_Value,RTCHSEDivFreq_Value,SYSCLKFreq_VALUE,VCOI2SOutputFreq_Value,VCOInputFreq_Value,VCOOutputFreq_Value,VcooutputI2S
RCC.LSI_VALUE=32000
RCC.MCO2PinFreq_Value=16000000
RCC.PLLCLKFreq_Value=336000000
RCC.PLLM=8
RCC.PLLN=336
RCC.PLLQ=7
RCC.PLLQCLKFreq_Value=96000000
RCC.RTCFreq_Value=32000
RCC.RTCHSEDivFreq_Value=4000000
RCC.SYSCLKFreq_VALUE=16000000
RCC.VCOI2SOutputFreq_Value=384000000
RCC.VCOInputFreq_Value=2000000
RCC.VCOOutputFreq_Value=672000000
RCC.VcooutputI2S=192000000
SH.ADCx_IN2.0=ADC1_IN2,IN2
SH.ADCx_IN2.ConfNb=1
VP_SYS_VS_tim1.Mode=TIM1
VP_SYS_VS_tim1.Signal=SYS_VS_tim1
board=STM32F407G-DISC1
boardIOC=true
isbadioc=false
